{
  "name": "repro-ts-typed-literals-complexity",
  "version": "1.0.0",
  "lockfileVersion": 3,
  "requires": true,
  "packages": {
    "": {
      "name": "repro-ts-typed-literals-complexity",
      "version": "1.0.0",
      "license": "ISC",
      "dependencies": {
        "@typescript/native-preview": "^7.0.0-dev.20260401.1",
        "typescript": "^6.0.2"
      }
    },
    "node_modules/@typescript/native-preview": {
      "version": "7.0.0-dev.20260401.1",
      "resolved": "https://registry.npmjs.org/@typescript/native-preview/-/native-preview-7.0.0-dev.20260401.1.tgz",
      "integrity": "sha512-xJcN9WlY/P6xKjCMH4+DTzZSj/EKR6H9avuqUKs4eKyPEvaQ4bX+9Ys3Vl2qhlUaD7IRWY7HN7db0LHAGlWRSA==",
      "license": "Apache-2.0",
      "bin": {
        "tsgo": "bin/tsgo.js"
      },
      "optionalDependencies": {
        "@typescript/native-preview-darwin-arm64": "7.0.0-dev.20260401.1",
        "@typescript/native-preview-darwin-x64": "7.0.0-dev.20260401.1",
        "@typescript/native-preview-linux-arm": "7.0.0-dev.20260401.1",
        "@typescript/native-preview-linux-arm64": "7.0.0-dev.20260401.1",
        "@typescript/native-preview-linux-x64": "7.0.0-dev.20260401.1",
        "@typescript/native-preview-win32-arm64": "7.0.0-dev.20260401.1",
        "@typescript/native-preview-win32-x64": "7.0.0-dev.20260401.1"
      }
    },
    "node_modules/@typescript/native-preview-darwin-arm64": {
      "version": "7.0.0-dev.20260401.1",
      "resolved": "https://registry.npmjs.org/@typescript/native-preview-darwin-arm64/-/native-preview-darwin-arm64-7.0.0-dev.20260401.1.tgz",
      "integrity": "sha512-9PCc1D4/zLic30g1upOw6ZmUl98fnrXYRv5wIZ6fxm1zZAObieRKUX3Jbr8M9N8iQQFxPIZPniIScsxAbmbJvw==",
      "cpu": [
        "arm64"
      ],
      "license": "Apache-2.0",
      "optional": true,
      "os": [
        "darwin"
      ]
    },
    "node_modules/@typescript/native-preview-darwin-x64": {
      "version": "7.0.0-dev.20260401.1",
      "resolved": "https://registry.npmjs.org/@typescript/native-preview-darwin-x64/-/native-preview-darwin-x64-7.0.0-dev.20260401.1.tgz",
      "integrity": "sha512-wwzca1KrjSVC6ApXfITsg/wF4GGbhVYebc7zChpuyi+phrHfw6ThTPB5XFUH4nA32vqw0Hn/6KACipMgzg8GPA==",
      "cpu": [
        "x64"
      ],
      "license": "Apache-2.0",
      "optional": true,
      "os": [
        "darwin"
      ]
    },
    "node_modules/@typescript/native-preview-linux-arm": {
      "version": "7.0.0-dev.20260401.1",
      "resolved": "https://registry.npmjs.org/@typescript/native-preview-linux-arm/-/native-preview-linux-arm-7.0.0-dev.20260401.1.tgz",
      "integrity": "sha512-bbIkRZYjtyoyCJ3wFES7qn3EwYO5Go1hxArL5X5oWiBmUHq5gMIxTZDv5mpWxopVf9Eyh4ErHefXjf1s4J+6Ag==",
      "cpu": [
        "arm"
      ],
      "license": "Apache-2.0",
      "optional": true,
      "os": [
        "linux"
      ]
    },
    "node_modules/@typescript/native-preview-linux-arm64": {
      "version": "7.0.0-dev.20260401.1",
      "resolved": "https://registry.npmjs.org/@typescript/native-preview-linux-arm64/-/native-preview-linux-arm64-7.0.0-dev.20260401.1.tgz",
      "integrity": "sha512-1hgKibGi4QZF1J0hKltgY4nj4yKDmI4Ang5ar80I+YeUdGxV/fP2kU3bJang7QtHuSso6W+a52SF62zgqbzdow==",
      "cpu": [
        "arm64"
      ],
      "license": "Apache-2.0",
      "optional": true,
      "os": [
        "linux"
      ]
    },
    "node_modules/@typescript/native-preview-linux-x64": {
      "version": "7.0.0-dev.20260401.1",
      "resolved": "https://registry.npmjs.org/@typescript/native-preview-linux-x64/-/native-preview-linux-x64-7.0.0-dev.20260401.1.tgz",
      "integrity": "sha512-1ysZ4c/Wa3RYIlrwVceYlhb1m1hxQ4P2x92valZXH0bNWEPb+oiQ4Yf35O/vi5h8zDdX/ZQ59vivYl27cF1VVA==",
      "cpu": [
        "x64"
      ],
      "license": "Apache-2.0",
      "optional": true,
      "os": [
        "linux"
      ]
    },
    "node_modules/@typescript/native-preview-win32-arm64": {
      "version": "7.0.0-dev.20260401.1",
      "resolved": "https://registry.npmjs.org/@typescript/native-preview-win32-arm64/-/native-preview-win32-arm64-7.0.0-dev.20260401.1.tgz",
      "integrity": "sha512-fZYLCRe36y1BuzRFFpU2/RQ212l6Y1dccRMh8oTB8HlAVAAwtbkb6cjEn0Ablj4Dy16+Ih8R9uHsxPLNhtKw1Q==",
      "cpu": [
        "arm64"
      ],
      "license": "Apache-2.0",
      "optional": true,
      "os": [
        "win32"
      ]
    },
    "node_modules/@typescript/native-preview-win32-x64": {
      "version": "7.0.0-dev.20260401.1",
      "resolved": "https://registry.npmjs.org/@typescript/native-preview-win32-x64/-/native-preview-win32-x64-7.0.0-dev.20260401.1.tgz",
      "integrity": "sha512-I6ses4SjWvpbvSpm1BPFRrDeqrzu7JTchJG/a26iwwmTLv4fAGLc5/o6Kv9Naygozop1W3KOcVM5i3A9oxiIjQ==",
      "cpu": [
        "x64"
      ],
      "license": "Apache-2.0",
      "optional": true,
      "os": [
        "win32"
      ]
    },
    "node_modules/typescript": {
      "version": "6.0.2",
      "resolved": "https://registry.npmjs.org/typescript/-/typescript-6.0.2.tgz",
      "integrity": "sha512-bGdAIrZ0wiGDo5l8c++HWtbaNCWTS4UTv7RaTH/ThVIgjkveJt83m74bBHMJkuCbslY8ixgLBVZJIOiQlQTjfQ==",
      "license": "Apache-2.0",
      "bin": {
        "tsc": "bin/tsc",
        "tsserver": "bin/tsserver"
      },
      "engines": {
        "node": ">=14.17"
      }
    }
  }
}
